// !$*UTF8*$!
{
	archiveVersion = 1;
	classes = {
	};
	objectVersion = 55;
	objects = {

/* Begin PBXBuildFile section */
		068C3DF30E4F8272C58933DA /* Pods_TicketSwapChallenge_TicketSwapChallengeUITests.framework in Frameworks */ = {isa = PBXBuildFile; fileRef = 30F2E9CD274308B9C0C905E3 /* Pods_TicketSwapChallenge_TicketSwapChallengeUITests.framework */; };
		515DB808C62F27C03F8694C8 /* Pods_TicketSwapChallengeTests.framework in Frameworks */ = {isa = PBXBuildFile; fileRef = DD8A6998A13BA6EB12B903FA /* Pods_TicketSwapChallengeTests.framework */; };
		971CBAF7ED3C95E67E0E2045 /* Pods_TicketSwapChallenge.framework in Frameworks */ = {isa = PBXBuildFile; fileRef = C459FE12E658D39B08D3687F /* Pods_TicketSwapChallenge.framework */; };
		ED432447289A01E8007D78C0 /* ArtistResultTableViewCell.swift in Sources */ = {isa = PBXBuildFile; fileRef = ED432446289A01E8007D78C0 /* ArtistResultTableViewCell.swift */; };
		ED432449289A028A007D78C0 /* SearchResultCellViewModel.swift in Sources */ = {isa = PBXBuildFile; fileRef = ED432448289A028A007D78C0 /* SearchResultCellViewModel.swift */; };
		ED503AB22892233000531E26 /* AlbumDetails.swift in Sources */ = {isa = PBXBuildFile; fileRef = ED503AB12892233000531E26 /* AlbumDetails.swift */; };
		ED503AB528945FA600531E26 /* SongTableViewCell.swift in Sources */ = {isa = PBXBuildFile; fileRef = ED503AB428945FA600531E26 /* SongTableViewCell.swift */; };
		ED503AB7289463F500531E26 /* TrackCellViewModel.swift in Sources */ = {isa = PBXBuildFile; fileRef = ED503AB6289463F500531E26 /* TrackCellViewModel.swift */; };
		ED55152628985CCC00EB343A /* SearchViewController.swift in Sources */ = {isa = PBXBuildFile; fileRef = ED55152528985CCC00EB343A /* SearchViewController.swift */; };
		ED74703E289B2469008ADFE9 /* ArtistDetailsViewModel.swift in Sources */ = {isa = PBXBuildFile; fileRef = ED74703D289B2469008ADFE9 /* ArtistDetailsViewModel.swift */; };
		ED747040289B3ED6008ADFE9 /* TrackResponse.swift in Sources */ = {isa = PBXBuildFile; fileRef = ED74703F289B3ED6008ADFE9 /* TrackResponse.swift */; };
		ED747044289B5453008ADFE9 /* TrackCollectionViewCell.swift in Sources */ = {isa = PBXBuildFile; fileRef = ED747043289B5453008ADFE9 /* TrackCollectionViewCell.swift */; };
		ED747046289B5A1D008ADFE9 /* TrackCollectionCellViewModel.swift in Sources */ = {isa = PBXBuildFile; fileRef = ED747045289B5A1C008ADFE9 /* TrackCollectionCellViewModel.swift */; };
		ED747048289B6A8A008ADFE9 /* ArtistAlbumCollectionCell.swift in Sources */ = {isa = PBXBuildFile; fileRef = ED747047289B6A8A008ADFE9 /* ArtistAlbumCollectionCell.swift */; };
		ED74704A289B6BFF008ADFE9 /* CollectionViewHeader.swift in Sources */ = {isa = PBXBuildFile; fileRef = ED747049289B6BFF008ADFE9 /* CollectionViewHeader.swift */; };
		ED8485012880FC58004F14C3 /* AppDelegate.swift in Sources */ = {isa = PBXBuildFile; fileRef = ED8485002880FC58004F14C3 /* AppDelegate.swift */; };
		ED8485032880FC58004F14C3 /* SceneDelegate.swift in Sources */ = {isa = PBXBuildFile; fileRef = ED8485022880FC58004F14C3 /* SceneDelegate.swift */; };
		ED84850A2880FC5A004F14C3 /* Assets.xcassets in Resources */ = {isa = PBXBuildFile; fileRef = ED8485092880FC5A004F14C3 /* Assets.xcassets */; };
		ED84850D2880FC5A004F14C3 /* LaunchScreen.storyboard in Resources */ = {isa = PBXBuildFile; fileRef = ED84850B2880FC5A004F14C3 /* LaunchScreen.storyboard */; };
		ED8485182880FC5A004F14C3 /* TicketSwapChallengeTests.swift in Sources */ = {isa = PBXBuildFile; fileRef = ED8485172880FC5A004F14C3 /* TicketSwapChallengeTests.swift */; };
		ED8485222880FC5A004F14C3 /* TicketSwapChallengeUITests.swift in Sources */ = {isa = PBXBuildFile; fileRef = ED8485212880FC5A004F14C3 /* TicketSwapChallengeUITests.swift */; };
		ED8485242880FC5A004F14C3 /* TicketSwapChallengeUITestsLaunchTests.swift in Sources */ = {isa = PBXBuildFile; fileRef = ED8485232880FC5A004F14C3 /* TicketSwapChallengeUITestsLaunchTests.swift */; };
		ED84853C2884CDCB004F14C3 /* Constants.swift in Sources */ = {isa = PBXBuildFile; fileRef = ED84853B2884CDCB004F14C3 /* Constants.swift */; };
		ED8485482884F13D004F14C3 /* HomeViewController.swift in Sources */ = {isa = PBXBuildFile; fileRef = ED8485472884F13D004F14C3 /* HomeViewController.swift */; };
		ED84855C2884F403004F14C3 /* SpotifyiOS.xcframework in Frameworks */ = {isa = PBXBuildFile; fileRef = ED8485592884F3EF004F14C3 /* SpotifyiOS.xcframework */; };
		ED84855D2884F403004F14C3 /* SpotifyiOS.xcframework in Embed Frameworks */ = {isa = PBXBuildFile; fileRef = ED8485592884F3EF004F14C3 /* SpotifyiOS.xcframework */; settings = {ATTRIBUTES = (CodeSignOnCopy, RemoveHeadersOnCopy, ); }; };
		ED84856528862728004F14C3 /* ArtistDetailViewController.swift in Sources */ = {isa = PBXBuildFile; fileRef = ED84856428862728004F14C3 /* ArtistDetailViewController.swift */; };
		ED8485672886277F004F14C3 /* AuthViewController.swift in Sources */ = {isa = PBXBuildFile; fileRef = ED8485662886277F004F14C3 /* AuthViewController.swift */; };
		ED84856A288627BA004F14C3 /* AuthManager.swift in Sources */ = {isa = PBXBuildFile; fileRef = ED848569288627BA004F14C3 /* AuthManager.swift */; };
		ED84856C288627C5004F14C3 /* NetworkManager.swift in Sources */ = {isa = PBXBuildFile; fileRef = ED84856B288627C5004F14C3 /* NetworkManager.swift */; };
		ED84856E288627EA004F14C3 /* Artist.swift in Sources */ = {isa = PBXBuildFile; fileRef = ED84856D288627EA004F14C3 /* Artist.swift */; };
		ED848570288627F2004F14C3 /* Song.swift in Sources */ = {isa = PBXBuildFile; fileRef = ED84856F288627F2004F14C3 /* Song.swift */; };
		ED84857328862AC0004F14C3 /* WelcomeViewController.swift in Sources */ = {isa = PBXBuildFile; fileRef = ED84857228862AC0004F14C3 /* WelcomeViewController.swift */; };
		ED8485752889A0B1004F14C3 /* AuthResponse.swift in Sources */ = {isa = PBXBuildFile; fileRef = ED8485742889A0B1004F14C3 /* AuthResponse.swift */; };
		EDA8FC312890D97400BCC75D /* UIColor+Ext.swift in Sources */ = {isa = PBXBuildFile; fileRef = EDA8FC302890D97400BCC75D /* UIColor+Ext.swift */; };
		EDA8FC332890DA1A00BCC75D /* Utilities.swift in Sources */ = {isa = PBXBuildFile; fileRef = EDA8FC322890DA1A00BCC75D /* Utilities.swift */; };
		EDA8FC352890E56500BCC75D /* AlbumDetailViewController.swift in Sources */ = {isa = PBXBuildFile; fileRef = EDA8FC342890E56500BCC75D /* AlbumDetailViewController.swift */; };
		EDA8FC372891EC7D00BCC75D /* AlbumDetailViewModel.swift in Sources */ = {isa = PBXBuildFile; fileRef = EDA8FC362891EC7D00BCC75D /* AlbumDetailViewModel.swift */; };
		EDB06F31288CC83800A314F8 /* HomeViewModel.swift in Sources */ = {isa = PBXBuildFile; fileRef = EDB06F30288CC83800A314F8 /* HomeViewModel.swift */; };
		EDB06F33288CC84300A314F8 /* SearchViewModel.swift in Sources */ = {isa = PBXBuildFile; fileRef = EDB06F32288CC84300A314F8 /* SearchViewModel.swift */; };
		EDB06F35288CC89000A314F8 /* NewReleases.swift in Sources */ = {isa = PBXBuildFile; fileRef = EDB06F34288CC89000A314F8 /* NewReleases.swift */; };
		EDB06F37288D9FC600A314F8 /* AlbumResponse.swift in Sources */ = {isa = PBXBuildFile; fileRef = EDB06F36288D9FC600A314F8 /* AlbumResponse.swift */; };
		EDB06F39288DE48700A314F8 /* AlbumCollectionViewCell.swift in Sources */ = {isa = PBXBuildFile; fileRef = EDB06F38288DE48700A314F8 /* AlbumCollectionViewCell.swift */; };
		EDB06F3B288E035E00A314F8 /* NewReleasesCellViewModel.swift in Sources */ = {isa = PBXBuildFile; fileRef = EDB06F3A288E035E00A314F8 /* NewReleasesCellViewModel.swift */; };
		EDEF77872898A76D00E71512 /* SDWebImage in Frameworks */ = {isa = PBXBuildFile; productRef = EDEF77862898A76D00E71512 /* SDWebImage */; };
		EDEF77892898A76D00E71512 /* SDWebImageMapKit in Frameworks */ = {isa = PBXBuildFile; productRef = EDEF77882898A76D00E71512 /* SDWebImageMapKit */; };
		EDEF778B289975E200E71512 /* TabBarController.swift in Sources */ = {isa = PBXBuildFile; fileRef = EDEF778A289975E200E71512 /* TabBarController.swift */; };
		EDEF778D2899A0BE00E71512 /* SearchResultsViewController.swift in Sources */ = {isa = PBXBuildFile; fileRef = EDEF778C2899A0BE00E71512 /* SearchResultsViewController.swift */; };
		EDEF778F2899F61E00E71512 /* SearchResponse.swift in Sources */ = {isa = PBXBuildFile; fileRef = EDEF778E2899F61E00E71512 /* SearchResponse.swift */; };
/* End PBXBuildFile section */

/* Begin PBXContainerItemProxy section */
		ED8485142880FC5A004F14C3 /* PBXContainerItemProxy */ = {
			isa = PBXContainerItemProxy;
			containerPortal = ED8484F52880FC58004F14C3 /* Project object */;
			proxyType = 1;
			remoteGlobalIDString = ED8484FC2880FC58004F14C3;
			remoteInfo = TicketSwapChallenge;
		};
		ED84851E2880FC5A004F14C3 /* PBXContainerItemProxy */ = {
			isa = PBXContainerItemProxy;
			containerPortal = ED8484F52880FC58004F14C3 /* Project object */;
			proxyType = 1;
			remoteGlobalIDString = ED8484FC2880FC58004F14C3;
			remoteInfo = TicketSwapChallenge;
		};
/* End PBXContainerItemProxy section */

/* Begin PBXCopyFilesBuildPhase section */
		ED84855E2884F403004F14C3 /* Embed Frameworks */ = {
			isa = PBXCopyFilesBuildPhase;
			buildActionMask = 2147483647;
			dstPath = "";
			dstSubfolderSpec = 10;
			files = (
				ED84855D2884F403004F14C3 /* SpotifyiOS.xcframework in Embed Frameworks */,
			);
			name = "Embed Frameworks";
			runOnlyForDeploymentPostprocessing = 0;
		};
/* End PBXCopyFilesBuildPhase section */

/* Begin PBXFileReference section */
		0AC3B0D941F77C200F1DF7F9 /* Pods-TicketSwapChallenge.release.xcconfig */ = {isa = PBXFileReference; includeInIndex = 1; lastKnownFileType = text.xcconfig; name = "Pods-TicketSwapChallenge.release.xcconfig"; path = "Target Support Files/Pods-TicketSwapChallenge/Pods-TicketSwapChallenge.release.xcconfig"; sourceTree = "<group>"; };
		30F2E9CD274308B9C0C905E3 /* Pods_TicketSwapChallenge_TicketSwapChallengeUITests.framework */ = {isa = PBXFileReference; explicitFileType = wrapper.framework; includeInIndex = 0; path = Pods_TicketSwapChallenge_TicketSwapChallengeUITests.framework; sourceTree = BUILT_PRODUCTS_DIR; };
		7C527E1342061884B262E3BD /* Pods-TicketSwapChallenge.debug.xcconfig */ = {isa = PBXFileReference; includeInIndex = 1; lastKnownFileType = text.xcconfig; name = "Pods-TicketSwapChallenge.debug.xcconfig"; path = "Target Support Files/Pods-TicketSwapChallenge/Pods-TicketSwapChallenge.debug.xcconfig"; sourceTree = "<group>"; };
		AE16B9F0068DC8EBCD0A1483 /* Pods-TicketSwapChallengeTests.debug.xcconfig */ = {isa = PBXFileReference; includeInIndex = 1; lastKnownFileType = text.xcconfig; name = "Pods-TicketSwapChallengeTests.debug.xcconfig"; path = "Target Support Files/Pods-TicketSwapChallengeTests/Pods-TicketSwapChallengeTests.debug.xcconfig"; sourceTree = "<group>"; };
		C459FE12E658D39B08D3687F /* Pods_TicketSwapChallenge.framework */ = {isa = PBXFileReference; explicitFileType = wrapper.framework; includeInIndex = 0; path = Pods_TicketSwapChallenge.framework; sourceTree = BUILT_PRODUCTS_DIR; };
		DD8A6998A13BA6EB12B903FA /* Pods_TicketSwapChallengeTests.framework */ = {isa = PBXFileReference; explicitFileType = wrapper.framework; includeInIndex = 0; path = Pods_TicketSwapChallengeTests.framework; sourceTree = BUILT_PRODUCTS_DIR; };
		E745BBA690EA3FA5504FFFD9 /* Pods-TicketSwapChallenge-TicketSwapChallengeUITests.release.xcconfig */ = {isa = PBXFileReference; includeInIndex = 1; lastKnownFileType = text.xcconfig; name = "Pods-TicketSwapChallenge-TicketSwapChallengeUITests.release.xcconfig"; path = "Target Support Files/Pods-TicketSwapChallenge-TicketSwapChallengeUITests/Pods-TicketSwapChallenge-TicketSwapChallengeUITests.release.xcconfig"; sourceTree = "<group>"; };
		ED432446289A01E8007D78C0 /* ArtistResultTableViewCell.swift */ = {isa = PBXFileReference; lastKnownFileType = sourcecode.swift; path = ArtistResultTableViewCell.swift; sourceTree = "<group>"; };
		ED432448289A028A007D78C0 /* SearchResultCellViewModel.swift */ = {isa = PBXFileReference; lastKnownFileType = sourcecode.swift; path = SearchResultCellViewModel.swift; sourceTree = "<group>"; };
		ED503AB12892233000531E26 /* AlbumDetails.swift */ = {isa = PBXFileReference; lastKnownFileType = sourcecode.swift; path = AlbumDetails.swift; sourceTree = "<group>"; };
		ED503AB428945FA600531E26 /* SongTableViewCell.swift */ = {isa = PBXFileReference; lastKnownFileType = sourcecode.swift; path = SongTableViewCell.swift; sourceTree = "<group>"; };
		ED503AB6289463F500531E26 /* TrackCellViewModel.swift */ = {isa = PBXFileReference; lastKnownFileType = sourcecode.swift; path = TrackCellViewModel.swift; sourceTree = "<group>"; };
		ED55152528985CCC00EB343A /* SearchViewController.swift */ = {isa = PBXFileReference; lastKnownFileType = sourcecode.swift; path = SearchViewController.swift; sourceTree = "<group>"; };
		ED74703D289B2469008ADFE9 /* ArtistDetailsViewModel.swift */ = {isa = PBXFileReference; lastKnownFileType = sourcecode.swift; path = ArtistDetailsViewModel.swift; sourceTree = "<group>"; };
		ED74703F289B3ED6008ADFE9 /* TrackResponse.swift */ = {isa = PBXFileReference; lastKnownFileType = sourcecode.swift; path = TrackResponse.swift; sourceTree = "<group>"; };
		ED747043289B5453008ADFE9 /* TrackCollectionViewCell.swift */ = {isa = PBXFileReference; lastKnownFileType = sourcecode.swift; path = TrackCollectionViewCell.swift; sourceTree = "<group>"; };
		ED747045289B5A1C008ADFE9 /* TrackCollectionCellViewModel.swift */ = {isa = PBXFileReference; lastKnownFileType = sourcecode.swift; path = TrackCollectionCellViewModel.swift; sourceTree = "<group>"; };
		ED747047289B6A8A008ADFE9 /* ArtistAlbumCollectionCell.swift */ = {isa = PBXFileReference; lastKnownFileType = sourcecode.swift; path = ArtistAlbumCollectionCell.swift; sourceTree = "<group>"; };
		ED747049289B6BFF008ADFE9 /* CollectionViewHeader.swift */ = {isa = PBXFileReference; lastKnownFileType = sourcecode.swift; path = CollectionViewHeader.swift; sourceTree = "<group>"; };
		ED8484FD2880FC58004F14C3 /* TicketSwapChallenge.app */ = {isa = PBXFileReference; explicitFileType = wrapper.application; includeInIndex = 0; path = TicketSwapChallenge.app; sourceTree = BUILT_PRODUCTS_DIR; };
		ED8485002880FC58004F14C3 /* AppDelegate.swift */ = {isa = PBXFileReference; lastKnownFileType = sourcecode.swift; path = AppDelegate.swift; sourceTree = "<group>"; };
		ED8485022880FC58004F14C3 /* SceneDelegate.swift */ = {isa = PBXFileReference; lastKnownFileType = sourcecode.swift; path = SceneDelegate.swift; sourceTree = "<group>"; };
		ED8485092880FC5A004F14C3 /* Assets.xcassets */ = {isa = PBXFileReference; lastKnownFileType = folder.assetcatalog; path = Assets.xcassets; sourceTree = "<group>"; };
		ED84850C2880FC5A004F14C3 /* Base */ = {isa = PBXFileReference; lastKnownFileType = file.storyboard; name = Base; path = Base.lproj/LaunchScreen.storyboard; sourceTree = "<group>"; };
		ED84850E2880FC5A004F14C3 /* Info.plist */ = {isa = PBXFileReference; lastKnownFileType = text.plist.xml; path = Info.plist; sourceTree = "<group>"; };
		ED8485132880FC5A004F14C3 /* TicketSwapChallengeTests.xctest */ = {isa = PBXFileReference; explicitFileType = wrapper.cfbundle; includeInIndex = 0; path = TicketSwapChallengeTests.xctest; sourceTree = BUILT_PRODUCTS_DIR; };
		ED8485172880FC5A004F14C3 /* TicketSwapChallengeTests.swift */ = {isa = PBXFileReference; lastKnownFileType = sourcecode.swift; path = TicketSwapChallengeTests.swift; sourceTree = "<group>"; };
		ED84851D2880FC5A004F14C3 /* TicketSwapChallengeUITests.xctest */ = {isa = PBXFileReference; explicitFileType = wrapper.cfbundle; includeInIndex = 0; path = TicketSwapChallengeUITests.xctest; sourceTree = BUILT_PRODUCTS_DIR; };
		ED8485212880FC5A004F14C3 /* TicketSwapChallengeUITests.swift */ = {isa = PBXFileReference; lastKnownFileType = sourcecode.swift; path = TicketSwapChallengeUITests.swift; sourceTree = "<group>"; };
		ED8485232880FC5A004F14C3 /* TicketSwapChallengeUITestsLaunchTests.swift */ = {isa = PBXFileReference; lastKnownFileType = sourcecode.swift; path = TicketSwapChallengeUITestsLaunchTests.swift; sourceTree = "<group>"; };
		ED8485382884C82A004F14C3 /* TicketSwapChallenge-Bridging-Header.h */ = {isa = PBXFileReference; lastKnownFileType = sourcecode.c.h; path = "TicketSwapChallenge-Bridging-Header.h"; sourceTree = "<group>"; };
		ED84853B2884CDCB004F14C3 /* Constants.swift */ = {isa = PBXFileReference; lastKnownFileType = sourcecode.swift; path = Constants.swift; sourceTree = "<group>"; };
		ED8485472884F13D004F14C3 /* HomeViewController.swift */ = {isa = PBXFileReference; lastKnownFileType = sourcecode.swift; path = HomeViewController.swift; sourceTree = "<group>"; };
		ED8485582884F3EF004F14C3 /* SpotifyiOS.framework */ = {isa = PBXFileReference; lastKnownFileType = wrapper.framework; path = SpotifyiOS.framework; sourceTree = "<group>"; };
		ED8485592884F3EF004F14C3 /* SpotifyiOS.xcframework */ = {isa = PBXFileReference; lastKnownFileType = wrapper.xcframework; path = SpotifyiOS.xcframework; sourceTree = "<group>"; };
		ED84856428862728004F14C3 /* ArtistDetailViewController.swift */ = {isa = PBXFileReference; lastKnownFileType = sourcecode.swift; path = ArtistDetailViewController.swift; sourceTree = "<group>"; };
		ED8485662886277F004F14C3 /* AuthViewController.swift */ = {isa = PBXFileReference; lastKnownFileType = sourcecode.swift; path = AuthViewController.swift; sourceTree = "<group>"; };
		ED848569288627BA004F14C3 /* AuthManager.swift */ = {isa = PBXFileReference; lastKnownFileType = sourcecode.swift; path = AuthManager.swift; sourceTree = "<group>"; };
		ED84856B288627C5004F14C3 /* NetworkManager.swift */ = {isa = PBXFileReference; lastKnownFileType = sourcecode.swift; path = NetworkManager.swift; sourceTree = "<group>"; };
		ED84856D288627EA004F14C3 /* Artist.swift */ = {isa = PBXFileReference; lastKnownFileType = sourcecode.swift; path = Artist.swift; sourceTree = "<group>"; };
		ED84856F288627F2004F14C3 /* Song.swift */ = {isa = PBXFileReference; lastKnownFileType = sourcecode.swift; path = Song.swift; sourceTree = "<group>"; };
		ED84857228862AC0004F14C3 /* WelcomeViewController.swift */ = {isa = PBXFileReference; lastKnownFileType = sourcecode.swift; path = WelcomeViewController.swift; sourceTree = "<group>"; };
		ED8485742889A0B1004F14C3 /* AuthResponse.swift */ = {isa = PBXFileReference; lastKnownFileType = sourcecode.swift; path = AuthResponse.swift; sourceTree = "<group>"; };
		EDA8FC302890D97400BCC75D /* UIColor+Ext.swift */ = {isa = PBXFileReference; lastKnownFileType = sourcecode.swift; path = "UIColor+Ext.swift"; sourceTree = "<group>"; };
		EDA8FC322890DA1A00BCC75D /* Utilities.swift */ = {isa = PBXFileReference; lastKnownFileType = sourcecode.swift; path = Utilities.swift; sourceTree = "<group>"; };
		EDA8FC342890E56500BCC75D /* AlbumDetailViewController.swift */ = {isa = PBXFileReference; lastKnownFileType = sourcecode.swift; path = AlbumDetailViewController.swift; sourceTree = "<group>"; };
		EDA8FC362891EC7D00BCC75D /* AlbumDetailViewModel.swift */ = {isa = PBXFileReference; lastKnownFileType = sourcecode.swift; path = AlbumDetailViewModel.swift; sourceTree = "<group>"; };
		EDB06F30288CC83800A314F8 /* HomeViewModel.swift */ = {isa = PBXFileReference; lastKnownFileType = sourcecode.swift; path = HomeViewModel.swift; sourceTree = "<group>"; };
		EDB06F32288CC84300A314F8 /* SearchViewModel.swift */ = {isa = PBXFileReference; lastKnownFileType = sourcecode.swift; path = SearchViewModel.swift; sourceTree = "<group>"; };
		EDB06F34288CC89000A314F8 /* NewReleases.swift */ = {isa = PBXFileReference; lastKnownFileType = sourcecode.swift; path = NewReleases.swift; sourceTree = "<group>"; };
		EDB06F36288D9FC600A314F8 /* AlbumResponse.swift */ = {isa = PBXFileReference; lastKnownFileType = sourcecode.swift; path = AlbumResponse.swift; sourceTree = "<group>"; };
		EDB06F38288DE48700A314F8 /* AlbumCollectionViewCell.swift */ = {isa = PBXFileReference; lastKnownFileType = sourcecode.swift; path = AlbumCollectionViewCell.swift; sourceTree = "<group>"; };
		EDB06F3A288E035E00A314F8 /* NewReleasesCellViewModel.swift */ = {isa = PBXFileReference; lastKnownFileType = sourcecode.swift; path = NewReleasesCellViewModel.swift; sourceTree = "<group>"; };
		EDEF778A289975E200E71512 /* TabBarController.swift */ = {isa = PBXFileReference; lastKnownFileType = sourcecode.swift; path = TabBarController.swift; sourceTree = "<group>"; };
		EDEF778C2899A0BE00E71512 /* SearchResultsViewController.swift */ = {isa = PBXFileReference; lastKnownFileType = sourcecode.swift; path = SearchResultsViewController.swift; sourceTree = "<group>"; };
		EDEF778E2899F61E00E71512 /* SearchResponse.swift */ = {isa = PBXFileReference; lastKnownFileType = sourcecode.swift; path = SearchResponse.swift; sourceTree = "<group>"; };
		EF563F1CB6650BB591C7CADF /* Pods-TicketSwapChallengeTests.release.xcconfig */ = {isa = PBXFileReference; includeInIndex = 1; lastKnownFileType = text.xcconfig; name = "Pods-TicketSwapChallengeTests.release.xcconfig"; path = "Target Support Files/Pods-TicketSwapChallengeTests/Pods-TicketSwapChallengeTests.release.xcconfig"; sourceTree = "<group>"; };
		F78BFB7F29D13B2DE152F56D /* Pods-TicketSwapChallenge-TicketSwapChallengeUITests.debug.xcconfig */ = {isa = PBXFileReference; includeInIndex = 1; lastKnownFileType = text.xcconfig; name = "Pods-TicketSwapChallenge-TicketSwapChallengeUITests.debug.xcconfig"; path = "Target Support Files/Pods-TicketSwapChallenge-TicketSwapChallengeUITests/Pods-TicketSwapChallenge-TicketSwapChallengeUITests.debug.xcconfig"; sourceTree = "<group>"; };
/* End PBXFileReference section */

/* Begin PBXFrameworksBuildPhase section */
		ED8484FA2880FC58004F14C3 /* Frameworks */ = {
			isa = PBXFrameworksBuildPhase;
			buildActionMask = 2147483647;
			files = (
				EDEF77872898A76D00E71512 /* SDWebImage in Frameworks */,
				ED84855C2884F403004F14C3 /* SpotifyiOS.xcframework in Frameworks */,
				EDEF77892898A76D00E71512 /* SDWebImageMapKit in Frameworks */,
				971CBAF7ED3C95E67E0E2045 /* Pods_TicketSwapChallenge.framework in Frameworks */,
			);
			runOnlyForDeploymentPostprocessing = 0;
		};
		ED8485102880FC5A004F14C3 /* Frameworks */ = {
			isa = PBXFrameworksBuildPhase;
			buildActionMask = 2147483647;
			files = (
				515DB808C62F27C03F8694C8 /* Pods_TicketSwapChallengeTests.framework in Frameworks */,
			);
			runOnlyForDeploymentPostprocessing = 0;
		};
		ED84851A2880FC5A004F14C3 /* Frameworks */ = {
			isa = PBXFrameworksBuildPhase;
			buildActionMask = 2147483647;
			files = (
				068C3DF30E4F8272C58933DA /* Pods_TicketSwapChallenge_TicketSwapChallengeUITests.framework in Frameworks */,
			);
			runOnlyForDeploymentPostprocessing = 0;
		};
/* End PBXFrameworksBuildPhase section */

/* Begin PBXGroup section */
		C5B01E4DF226DFF1CF891D6E /* Pods */ = {
			isa = PBXGroup;
			children = (
				7C527E1342061884B262E3BD /* Pods-TicketSwapChallenge.debug.xcconfig */,
				0AC3B0D941F77C200F1DF7F9 /* Pods-TicketSwapChallenge.release.xcconfig */,
				F78BFB7F29D13B2DE152F56D /* Pods-TicketSwapChallenge-TicketSwapChallengeUITests.debug.xcconfig */,
				E745BBA690EA3FA5504FFFD9 /* Pods-TicketSwapChallenge-TicketSwapChallengeUITests.release.xcconfig */,
				AE16B9F0068DC8EBCD0A1483 /* Pods-TicketSwapChallengeTests.debug.xcconfig */,
				EF563F1CB6650BB591C7CADF /* Pods-TicketSwapChallengeTests.release.xcconfig */,
			);
			path = Pods;
			sourceTree = "<group>";
		};
		ED503AB328945F6000531E26 /* CustomViews */ = {
			isa = PBXGroup;
			children = (
				EDB06F38288DE48700A314F8 /* AlbumCollectionViewCell.swift */,
				ED503AB428945FA600531E26 /* SongTableViewCell.swift */,
				ED432446289A01E8007D78C0 /* ArtistResultTableViewCell.swift */,
				ED747043289B5453008ADFE9 /* TrackCollectionViewCell.swift */,
				ED747047289B6A8A008ADFE9 /* ArtistAlbumCollectionCell.swift */,
				ED747049289B6BFF008ADFE9 /* CollectionViewHeader.swift */,
			);
			path = CustomViews;
			sourceTree = "<group>";
		};
		ED8484F42880FC58004F14C3 = {
			isa = PBXGroup;
			children = (
				ED8484FF2880FC58004F14C3 /* TicketSwapChallenge */,
				ED8485162880FC5A004F14C3 /* TicketSwapChallengeTests */,
				ED8485202880FC5A004F14C3 /* TicketSwapChallengeUITests */,
				ED8484FE2880FC58004F14C3 /* Products */,
				ED8485432884F070004F14C3 /* Frameworks */,
				C5B01E4DF226DFF1CF891D6E /* Pods */,
			);
			sourceTree = "<group>";
		};
		ED8484FE2880FC58004F14C3 /* Products */ = {
			isa = PBXGroup;
			children = (
				ED8484FD2880FC58004F14C3 /* TicketSwapChallenge.app */,
				ED8485132880FC5A004F14C3 /* TicketSwapChallengeTests.xctest */,
				ED84851D2880FC5A004F14C3 /* TicketSwapChallengeUITests.xctest */,
			);
			name = Products;
			sourceTree = "<group>";
		};
		ED8484FF2880FC58004F14C3 /* TicketSwapChallenge */ = {
			isa = PBXGroup;
			children = (
				ED84857128862850004F14C3 /* App */,
				ED848568288627AB004F14C3 /* Managers */,
				ED84856228862530004F14C3 /* Resources */,
				ED848561288624D2004F14C3 /* ViewModel */,
				ED848560288624CD004F14C3 /* Model */,
				ED84855F288624C4004F14C3 /* View */,
				ED8485092880FC5A004F14C3 /* Assets.xcassets */,
				ED84850E2880FC5A004F14C3 /* Info.plist */,
				ED8485382884C82A004F14C3 /* TicketSwapChallenge-Bridging-Header.h */,
			);
			path = TicketSwapChallenge;
			sourceTree = "<group>";
		};
		ED8485162880FC5A004F14C3 /* TicketSwapChallengeTests */ = {
			isa = PBXGroup;
			children = (
				ED8485172880FC5A004F14C3 /* TicketSwapChallengeTests.swift */,
			);
			path = TicketSwapChallengeTests;
			sourceTree = "<group>";
		};
		ED8485202880FC5A004F14C3 /* TicketSwapChallengeUITests */ = {
			isa = PBXGroup;
			children = (
				ED8485212880FC5A004F14C3 /* TicketSwapChallengeUITests.swift */,
				ED8485232880FC5A004F14C3 /* TicketSwapChallengeUITestsLaunchTests.swift */,
			);
			path = TicketSwapChallengeUITests;
			sourceTree = "<group>";
		};
		ED8485432884F070004F14C3 /* Frameworks */ = {
			isa = PBXGroup;
			children = (
				ED8485582884F3EF004F14C3 /* SpotifyiOS.framework */,
				ED8485592884F3EF004F14C3 /* SpotifyiOS.xcframework */,
				C459FE12E658D39B08D3687F /* Pods_TicketSwapChallenge.framework */,
				30F2E9CD274308B9C0C905E3 /* Pods_TicketSwapChallenge_TicketSwapChallengeUITests.framework */,
				DD8A6998A13BA6EB12B903FA /* Pods_TicketSwapChallengeTests.framework */,
			);
			name = Frameworks;
			sourceTree = "<group>";
		};
		ED84855F288624C4004F14C3 /* View */ = {
			isa = PBXGroup;
			children = (
				ED84850B2880FC5A004F14C3 /* LaunchScreen.storyboard */,
				ED8485632886253B004F14C3 /* Controllers */,
				ED503AB328945F6000531E26 /* CustomViews */,
			);
			path = View;
			sourceTree = "<group>";
		};
		ED848560288624CD004F14C3 /* Model */ = {
			isa = PBXGroup;
			children = (
				ED84856D288627EA004F14C3 /* Artist.swift */,
				ED84856F288627F2004F14C3 /* Song.swift */,
				ED8485742889A0B1004F14C3 /* AuthResponse.swift */,
				EDB06F34288CC89000A314F8 /* NewReleases.swift */,
				EDB06F36288D9FC600A314F8 /* AlbumResponse.swift */,
				ED503AB12892233000531E26 /* AlbumDetails.swift */,
				EDEF778E2899F61E00E71512 /* SearchResponse.swift */,
				ED74703F289B3ED6008ADFE9 /* TrackResponse.swift */,
			);
			path = Model;
			sourceTree = "<group>";
		};
		ED848561288624D2004F14C3 /* ViewModel */ = {
			isa = PBXGroup;
			children = (
				EDB06F30288CC83800A314F8 /* HomeViewModel.swift */,
				EDA8FC362891EC7D00BCC75D /* AlbumDetailViewModel.swift */,
				EDB06F32288CC84300A314F8 /* SearchViewModel.swift */,
				EDB06F3A288E035E00A314F8 /* NewReleasesCellViewModel.swift */,
				ED503AB6289463F500531E26 /* TrackCellViewModel.swift */,
				ED432448289A028A007D78C0 /* SearchResultCellViewModel.swift */,
				ED74703D289B2469008ADFE9 /* ArtistDetailsViewModel.swift */,
				ED747045289B5A1C008ADFE9 /* TrackCollectionCellViewModel.swift */,
			);
			path = ViewModel;
			sourceTree = "<group>";
		};
		ED84856228862530004F14C3 /* Resources */ = {
			isa = PBXGroup;
			children = (
				ED84853B2884CDCB004F14C3 /* Constants.swift */,
				EDA8FC302890D97400BCC75D /* UIColor+Ext.swift */,
				EDA8FC322890DA1A00BCC75D /* Utilities.swift */,
			);
			path = Resources;
			sourceTree = "<group>";
		};
		ED8485632886253B004F14C3 /* Controllers */ = {
			isa = PBXGroup;
			children = (
				ED8485472884F13D004F14C3 /* HomeViewController.swift */,
				ED84856428862728004F14C3 /* ArtistDetailViewController.swift */,
				ED8485662886277F004F14C3 /* AuthViewController.swift */,
				ED84857228862AC0004F14C3 /* WelcomeViewController.swift */,
				EDA8FC342890E56500BCC75D /* AlbumDetailViewController.swift */,
				ED55152528985CCC00EB343A /* SearchViewController.swift */,
				EDEF778A289975E200E71512 /* TabBarController.swift */,
				EDEF778C2899A0BE00E71512 /* SearchResultsViewController.swift */,
			);
			path = Controllers;
			sourceTree = "<group>";
		};
		ED848568288627AB004F14C3 /* Managers */ = {
			isa = PBXGroup;
			children = (
				ED848569288627BA004F14C3 /* AuthManager.swift */,
				ED84856B288627C5004F14C3 /* NetworkManager.swift */,
			);
			path = Managers;
			sourceTree = "<group>";
		};
		ED84857128862850004F14C3 /* App */ = {
			isa = PBXGroup;
			children = (
				ED8485002880FC58004F14C3 /* AppDelegate.swift */,
				ED8485022880FC58004F14C3 /* SceneDelegate.swift */,
			);
			path = App;
			sourceTree = "<group>";
		};
/* End PBXGroup section */

/* Begin PBXNativeTarget section */
		ED8484FC2880FC58004F14C3 /* TicketSwapChallenge */ = {
			isa = PBXNativeTarget;
			buildConfigurationList = ED8485272880FC5A004F14C3 /* Build configuration list for PBXNativeTarget "TicketSwapChallenge" */;
			buildPhases = (
				0C7C7EACE605C749F352FF27 /* [CP] Check Pods Manifest.lock */,
				ED8484F92880FC58004F14C3 /* Sources */,
				ED8484FA2880FC58004F14C3 /* Frameworks */,
				ED8484FB2880FC58004F14C3 /* Resources */,
				ED84855E2884F403004F14C3 /* Embed Frameworks */,
				198FF502572D4CC187A156EC /* [CP] Embed Pods Frameworks */,
			);
			buildRules = (
			);
			dependencies = (
			);
			name = TicketSwapChallenge;
			packageProductDependencies = (
				EDEF77862898A76D00E71512 /* SDWebImage */,
				EDEF77882898A76D00E71512 /* SDWebImageMapKit */,
			);
			productName = TicketSwapChallenge;
			productReference = ED8484FD2880FC58004F14C3 /* TicketSwapChallenge.app */;
			productType = "com.apple.product-type.application";
		};
		ED8485122880FC5A004F14C3 /* TicketSwapChallengeTests */ = {
			isa = PBXNativeTarget;
			buildConfigurationList = ED84852A2880FC5A004F14C3 /* Build configuration list for PBXNativeTarget "TicketSwapChallengeTests" */;
			buildPhases = (
				C0E557CD2223AB8AEF881937 /* [CP] Check Pods Manifest.lock */,
				ED84850F2880FC5A004F14C3 /* Sources */,
				ED8485102880FC5A004F14C3 /* Frameworks */,
				ED8485112880FC5A004F14C3 /* Resources */,
			);
			buildRules = (
			);
			dependencies = (
				ED8485152880FC5A004F14C3 /* PBXTargetDependency */,
			);
			name = TicketSwapChallengeTests;
			productName = TicketSwapChallengeTests;
			productReference = ED8485132880FC5A004F14C3 /* TicketSwapChallengeTests.xctest */;
			productType = "com.apple.product-type.bundle.unit-test";
		};
		ED84851C2880FC5A004F14C3 /* TicketSwapChallengeUITests */ = {
			isa = PBXNativeTarget;
			buildConfigurationList = ED84852D2880FC5A004F14C3 /* Build configuration list for PBXNativeTarget "TicketSwapChallengeUITests" */;
			buildPhases = (
				05EF8914BBADB94D81DE4617 /* [CP] Check Pods Manifest.lock */,
				ED8485192880FC5A004F14C3 /* Sources */,
				ED84851A2880FC5A004F14C3 /* Frameworks */,
				ED84851B2880FC5A004F14C3 /* Resources */,
				8BD739F2A66AD3A65D56F4FD /* [CP] Embed Pods Frameworks */,
			);
			buildRules = (
			);
			dependencies = (
				ED84851F2880FC5A004F14C3 /* PBXTargetDependency */,
			);
			name = TicketSwapChallengeUITests;
			productName = TicketSwapChallengeUITests;
			productReference = ED84851D2880FC5A004F14C3 /* TicketSwapChallengeUITests.xctest */;
			productType = "com.apple.product-type.bundle.ui-testing";
		};
/* End PBXNativeTarget section */

/* Begin PBXProject section */
		ED8484F52880FC58004F14C3 /* Project object */ = {
			isa = PBXProject;
			attributes = {
				BuildIndependentTargetsInParallel = 1;
				LastSwiftUpdateCheck = 1330;
				LastUpgradeCheck = 1330;
				TargetAttributes = {
					ED8484FC2880FC58004F14C3 = {
						CreatedOnToolsVersion = 13.3.1;
						LastSwiftMigration = 1330;
					};
					ED8485122880FC5A004F14C3 = {
						CreatedOnToolsVersion = 13.3.1;
						TestTargetID = ED8484FC2880FC58004F14C3;
					};
					ED84851C2880FC5A004F14C3 = {
						CreatedOnToolsVersion = 13.3.1;
						TestTargetID = ED8484FC2880FC58004F14C3;
					};
				};
			};
			buildConfigurationList = ED8484F82880FC58004F14C3 /* Build configuration list for PBXProject "TicketSwapChallenge" */;
			compatibilityVersion = "Xcode 13.0";
			developmentRegion = en;
			hasScannedForEncodings = 0;
			knownRegions = (
				en,
				Base,
			);
			mainGroup = ED8484F42880FC58004F14C3;
			packageReferences = (
				EDEF77852898A76D00E71512 /* XCRemoteSwiftPackageReference "SDWebImage" */,
			);
			productRefGroup = ED8484FE2880FC58004F14C3 /* Products */;
			projectDirPath = "";
			projectRoot = "";
			targets = (
				ED8484FC2880FC58004F14C3 /* TicketSwapChallenge */,
				ED8485122880FC5A004F14C3 /* TicketSwapChallengeTests */,
				ED84851C2880FC5A004F14C3 /* TicketSwapChallengeUITests */,
			);
		};
/* End PBXProject section */

/* Begin PBXResourcesBuildPhase section */
		ED8484FB2880FC58004F14C3 /* Resources */ = {
			isa = PBXResourcesBuildPhase;
			buildActionMask = 2147483647;
			files = (
				ED84850D2880FC5A004F14C3 /* LaunchScreen.storyboard in Resources */,
				ED84850A2880FC5A004F14C3 /* Assets.xcassets in Resources */,
			);
			runOnlyForDeploymentPostprocessing = 0;
		};
		ED8485112880FC5A004F14C3 /* Resources */ = {
			isa = PBXResourcesBuildPhase;
			buildActionMask = 2147483647;
			files = (
			);
			runOnlyForDeploymentPostprocessing = 0;
		};
		ED84851B2880FC5A004F14C3 /* Resources */ = {
			isa = PBXResourcesBuildPhase;
			buildActionMask = 2147483647;
			files = (
			);
			runOnlyForDeploymentPostprocessing = 0;
		};
/* End PBXResourcesBuildPhase section */

/* Begin PBXShellScriptBuildPhase section */
		05EF8914BBADB94D81DE4617 /* [CP] Check Pods Manifest.lock */ = {
			isa = PBXShellScriptBuildPhase;
			buildActionMask = 2147483647;
			files = (
			);
			inputFileListPaths = (
			);
			inputPaths = (
				"${PODS_PODFILE_DIR_PATH}/Podfile.lock",
				"${PODS_ROOT}/Manifest.lock",
			);
			name = "[CP] Check Pods Manifest.lock";
			outputFileListPaths = (
			);
			outputPaths = (
				"$(DERIVED_FILE_DIR)/Pods-TicketSwapChallenge-TicketSwapChallengeUITests-checkManifestLockResult.txt",
			);
			runOnlyForDeploymentPostprocessing = 0;
			shellPath = /bin/sh;
			shellScript = "diff \"${PODS_PODFILE_DIR_PATH}/Podfile.lock\" \"${PODS_ROOT}/Manifest.lock\" > /dev/null\nif [ $? != 0 ] ; then\n    # print error to STDERR\n    echo \"error: The sandbox is not in sync with the Podfile.lock. Run 'pod install' or update your CocoaPods installation.\" >&2\n    exit 1\nfi\n# This output is used by Xcode 'outputs' to avoid re-running this script phase.\necho \"SUCCESS\" > \"${SCRIPT_OUTPUT_FILE_0}\"\n";
			showEnvVarsInLog = 0;
		};
		0C7C7EACE605C749F352FF27 /* [CP] Check Pods Manifest.lock */ = {
			isa = PBXShellScriptBuildPhase;
			buildActionMask = 2147483647;
			files = (
			);
			inputFileListPaths = (
			);
			inputPaths = (
				"${PODS_PODFILE_DIR_PATH}/Podfile.lock",
				"${PODS_ROOT}/Manifest.lock",
			);
			name = "[CP] Check Pods Manifest.lock";
			outputFileListPaths = (
			);
			outputPaths = (
				"$(DERIVED_FILE_DIR)/Pods-TicketSwapChallenge-checkManifestLockResult.txt",
			);
			runOnlyForDeploymentPostprocessing = 0;
			shellPath = /bin/sh;
			shellScript = "diff \"${PODS_PODFILE_DIR_PATH}/Podfile.lock\" \"${PODS_ROOT}/Manifest.lock\" > /dev/null\nif [ $? != 0 ] ; then\n    # print error to STDERR\n    echo \"error: The sandbox is not in sync with the Podfile.lock. Run 'pod install' or update your CocoaPods installation.\" >&2\n    exit 1\nfi\n# This output is used by Xcode 'outputs' to avoid re-running this script phase.\necho \"SUCCESS\" > \"${SCRIPT_OUTPUT_FILE_0}\"\n";
			showEnvVarsInLog = 0;
		};
		198FF502572D4CC187A156EC /* [CP] Embed Pods Frameworks */ = {
			isa = PBXShellScriptBuildPhase;
			buildActionMask = 2147483647;
			files = (
			);
			inputFileListPaths = (
				"${PODS_ROOT}/Target Support Files/Pods-TicketSwapChallenge/Pods-TicketSwapChallenge-frameworks-${CONFIGURATION}-input-files.xcfilelist",
			);
			name = "[CP] Embed Pods Frameworks";
			outputFileListPaths = (
				"${PODS_ROOT}/Target Support Files/Pods-TicketSwapChallenge/Pods-TicketSwapChallenge-frameworks-${CONFIGURATION}-output-files.xcfilelist",
			);
			runOnlyForDeploymentPostprocessing = 0;
			shellPath = /bin/sh;
			shellScript = "\"${PODS_ROOT}/Target Support Files/Pods-TicketSwapChallenge/Pods-TicketSwapChallenge-frameworks.sh\"\n";
			showEnvVarsInLog = 0;
		};
		8BD739F2A66AD3A65D56F4FD /* [CP] Embed Pods Frameworks */ = {
			isa = PBXShellScriptBuildPhase;
			buildActionMask = 2147483647;
			files = (
			);
			inputFileListPaths = (
				"${PODS_ROOT}/Target Support Files/Pods-TicketSwapChallenge-TicketSwapChallengeUITests/Pods-TicketSwapChallenge-TicketSwapChallengeUITests-frameworks-${CONFIGURATION}-input-files.xcfilelist",
			);
			name = "[CP] Embed Pods Frameworks";
			outputFileListPaths = (
				"${PODS_ROOT}/Target Support Files/Pods-TicketSwapChallenge-TicketSwapChallengeUITests/Pods-TicketSwapChallenge-TicketSwapChallengeUITests-frameworks-${CONFIGURATION}-output-files.xcfilelist",
			);
			runOnlyForDeploymentPostprocessing = 0;
			shellPath = /bin/sh;
			shellScript = "\"${PODS_ROOT}/Target Support Files/Pods-TicketSwapChallenge-TicketSwapChallengeUITests/Pods-TicketSwapChallenge-TicketSwapChallengeUITests-frameworks.sh\"\n";
			showEnvVarsInLog = 0;
		};
		C0E557CD2223AB8AEF881937 /* [CP] Check Pods Manifest.lock */ = {
			isa = PBXShellScriptBuildPhase;
			buildActionMask = 2147483647;
			files = (
			);
			inputFileListPaths = (
			);
			inputPaths = (
				"${PODS_PODFILE_DIR_PATH}/Podfile.lock",
				"${PODS_ROOT}/Manifest.lock",
			);
			name = "[CP] Check Pods Manifest.lock";
			outputFileListPaths = (
			);
			outputPaths = (
				"$(DERIVED_FILE_DIR)/Pods-TicketSwapChallengeTests-checkManifestLockResult.txt",
			);
			runOnlyForDeploymentPostprocessing = 0;
			shellPath = /bin/sh;
			shellScript = "diff \"${PODS_PODFILE_DIR_PATH}/Podfile.lock\" \"${PODS_ROOT}/Manifest.lock\" > /dev/null\nif [ $? != 0 ] ; then\n    # print error to STDERR\n    echo \"error: The sandbox is not in sync with the Podfile.lock. Run 'pod install' or update your CocoaPods installation.\" >&2\n    exit 1\nfi\n# This output is used by Xcode 'outputs' to avoid re-running this script phase.\necho \"SUCCESS\" > \"${SCRIPT_OUTPUT_FILE_0}\"\n";
			showEnvVarsInLog = 0;
		};
/* End PBXShellScriptBuildPhase section */

/* Begin PBXSourcesBuildPhase section */
		ED8484F92880FC58004F14C3 /* Sources */ = {
			isa = PBXSourcesBuildPhase;
			buildActionMask = 2147483647;
			files = (
				ED747044289B5453008ADFE9 /* TrackCollectionViewCell.swift in Sources */,
				ED74703E289B2469008ADFE9 /* ArtistDetailsViewModel.swift in Sources */,
				EDB06F39288DE48700A314F8 /* AlbumCollectionViewCell.swift in Sources */,
				ED432447289A01E8007D78C0 /* ArtistResultTableViewCell.swift in Sources */,
				ED74704A289B6BFF008ADFE9 /* CollectionViewHeader.swift in Sources */,
				ED8485752889A0B1004F14C3 /* AuthResponse.swift in Sources */,
				ED84856C288627C5004F14C3 /* NetworkManager.swift in Sources */,
				EDEF778B289975E200E71512 /* TabBarController.swift in Sources */,
				EDEF778F2899F61E00E71512 /* SearchResponse.swift in Sources */,
				EDA8FC372891EC7D00BCC75D /* AlbumDetailViewModel.swift in Sources */,
				EDEF778D2899A0BE00E71512 /* SearchResultsViewController.swift in Sources */,
				EDA8FC352890E56500BCC75D /* AlbumDetailViewController.swift in Sources */,
				EDB06F3B288E035E00A314F8 /* NewReleasesCellViewModel.swift in Sources */,
				ED747040289B3ED6008ADFE9 /* TrackResponse.swift in Sources */,
				ED8485482884F13D004F14C3 /* HomeViewController.swift in Sources */,
				ED432449289A028A007D78C0 /* SearchResultCellViewModel.swift in Sources */,
				ED503AB528945FA600531E26 /* SongTableViewCell.swift in Sources */,
				ED55152628985CCC00EB343A /* SearchViewController.swift in Sources */,
				ED84856A288627BA004F14C3 /* AuthManager.swift in Sources */,
				ED8485012880FC58004F14C3 /* AppDelegate.swift in Sources */,
				EDB06F37288D9FC600A314F8 /* AlbumResponse.swift in Sources */,
				EDA8FC332890DA1A00BCC75D /* Utilities.swift in Sources */,
				ED503AB22892233000531E26 /* AlbumDetails.swift in Sources */,
				EDB06F35288CC89000A314F8 /* NewReleases.swift in Sources */,
				EDB06F33288CC84300A314F8 /* SearchViewModel.swift in Sources */,
				ED848570288627F2004F14C3 /* Song.swift in Sources */,
				ED8485672886277F004F14C3 /* AuthViewController.swift in Sources */,
				ED747048289B6A8A008ADFE9 /* ArtistAlbumCollectionCell.swift in Sources */,
				ED8485032880FC58004F14C3 /* SceneDelegate.swift in Sources */,
				ED747046289B5A1D008ADFE9 /* TrackCollectionCellViewModel.swift in Sources */,
				EDB06F31288CC83800A314F8 /* HomeViewModel.swift in Sources */,
				ED84856528862728004F14C3 /* ArtistDetailViewController.swift in Sources */,
				ED84857328862AC0004F14C3 /* WelcomeViewController.swift in Sources */,
				EDA8FC312890D97400BCC75D /* UIColor+Ext.swift in Sources */,
				ED84856E288627EA004F14C3 /* Artist.swift in Sources */,
				ED503AB7289463F500531E26 /* TrackCellViewModel.swift in Sources */,
				ED84853C2884CDCB004F14C3 /* Constants.swift in Sources */,
			);
			runOnlyForDeploymentPostprocessing = 0;
		};
		ED84850F2880FC5A004F14C3 /* Sources */ = {
			isa = PBXSourcesBuildPhase;
			buildActionMask = 2147483647;
			files = (
				ED8485182880FC5A004F14C3 /* TicketSwapChallengeTests.swift in Sources */,
			);
			runOnlyForDeploymentPostprocessing = 0;
		};
		ED8485192880FC5A004F14C3 /* Sources */ = {
			isa = PBXSourcesBuildPhase;
			buildActionMask = 2147483647;
			files = (
				ED8485222880FC5A004F14C3 /* TicketSwapChallengeUITests.swift in Sources */,
				ED8485242880FC5A004F14C3 /* TicketSwapChallengeUITestsLaunchTests.swift in Sources */,
			);
			runOnlyForDeploymentPostprocessing = 0;
		};
/* End PBXSourcesBuildPhase section */

/* Begin PBXTargetDependency section */
		ED8485152880FC5A004F14C3 /* PBXTargetDependency */ = {
			isa = PBXTargetDependency;
			target = ED8484FC2880FC58004F14C3 /* TicketSwapChallenge */;
			targetProxy = ED8485142880FC5A004F14C3 /* PBXContainerItemProxy */;
		};
		ED84851F2880FC5A004F14C3 /* PBXTargetDependency */ = {
			isa = PBXTargetDependency;
			target = ED8484FC2880FC58004F14C3 /* TicketSwapChallenge */;
			targetProxy = ED84851E2880FC5A004F14C3 /* PBXContainerItemProxy */;
		};
/* End PBXTargetDependency section */

/* Begin PBXVariantGroup section */
		ED84850B2880FC5A004F14C3 /* LaunchScreen.storyboard */ = {
			isa = PBXVariantGroup;
			children = (
				ED84850C2880FC5A004F14C3 /* Base */,
			);
			name = LaunchScreen.storyboard;
			sourceTree = "<group>";
		};
/* End PBXVariantGroup section */

/* Begin XCBuildConfiguration section */
		ED8485252880FC5A004F14C3 /* Debug */ = {
			isa = XCBuildConfiguration;
			buildSettings = {
				ALWAYS_SEARCH_USER_PATHS = NO;
				CLANG_ANALYZER_NONNULL = YES;
				CLANG_ANALYZER_NUMBER_OBJECT_CONVERSION = YES_AGGRESSIVE;
				CLANG_CXX_LANGUAGE_STANDARD = "gnu++17";
				CLANG_ENABLE_MODULES = YES;
				CLANG_ENABLE_OBJC_ARC = YES;
				CLANG_ENABLE_OBJC_WEAK = YES;
				CLANG_WARN_BLOCK_CAPTURE_AUTORELEASING = YES;
				CLANG_WARN_BOOL_CONVERSION = YES;
				CLANG_WARN_COMMA = YES;
				CLANG_WARN_CONSTANT_CONVERSION = YES;
				CLANG_WARN_DEPRECATED_OBJC_IMPLEMENTATIONS = YES;
				CLANG_WARN_DIRECT_OBJC_ISA_USAGE = YES_ERROR;
				CLANG_WARN_DOCUMENTATION_COMMENTS = YES;
				CLANG_WARN_EMPTY_BODY = YES;
				CLANG_WARN_ENUM_CONVERSION = YES;
				CLANG_WARN_INFINITE_RECURSION = YES;
				CLANG_WARN_INT_CONVERSION = YES;
				CLANG_WARN_NON_LITERAL_NULL_CONVERSION = YES;
				CLANG_WARN_OBJC_IMPLICIT_RETAIN_SELF = YES;
				CLANG_WARN_OBJC_LITERAL_CONVERSION = YES;
				CLANG_WARN_OBJC_ROOT_CLASS = YES_ERROR;
				CLANG_WARN_QUOTED_INCLUDE_IN_FRAMEWORK_HEADER = YES;
				CLANG_WARN_RANGE_LOOP_ANALYSIS = YES;
				CLANG_WARN_STRICT_PROTOTYPES = YES;
				CLANG_WARN_SUSPICIOUS_MOVE = YES;
				CLANG_WARN_UNGUARDED_AVAILABILITY = YES_AGGRESSIVE;
				CLANG_WARN_UNREACHABLE_CODE = YES;
				CLANG_WARN__DUPLICATE_METHOD_MATCH = YES;
				COPY_PHASE_STRIP = NO;
				DEBUG_INFORMATION_FORMAT = dwarf;
				ENABLE_STRICT_OBJC_MSGSEND = YES;
				ENABLE_TESTABILITY = YES;
				"EXCLUDED_ARCHS[sdk=*]" = arm64;
				GCC_C_LANGUAGE_STANDARD = gnu11;
				GCC_DYNAMIC_NO_PIC = NO;
				GCC_NO_COMMON_BLOCKS = YES;
				GCC_OPTIMIZATION_LEVEL = 0;
				GCC_PREPROCESSOR_DEFINITIONS = (
					"DEBUG=1",
					"$(inherited)",
				);
				GCC_WARN_64_TO_32_BIT_CONVERSION = YES;
				GCC_WARN_ABOUT_RETURN_TYPE = YES_ERROR;
				GCC_WARN_UNDECLARED_SELECTOR = YES;
				GCC_WARN_UNINITIALIZED_AUTOS = YES_AGGRESSIVE;
				GCC_WARN_UNUSED_FUNCTION = YES;
				GCC_WARN_UNUSED_VARIABLE = YES;
				IPHONEOS_DEPLOYMENT_TARGET = 15.4;
				MTL_ENABLE_DEBUG_INFO = INCLUDE_SOURCE;
				MTL_FAST_MATH = YES;
				ONLY_ACTIVE_ARCH = YES;
				SDKROOT = iphoneos;
				SWIFT_ACTIVE_COMPILATION_CONDITIONS = DEBUG;
				SWIFT_OPTIMIZATION_LEVEL = "-Onone";
			};
			name = Debug;
		};
		ED8485262880FC5A004F14C3 /* Release */ = {
			isa = XCBuildConfiguration;
			buildSettings = {
				ALWAYS_SEARCH_USER_PATHS = NO;
				CLANG_ANALYZER_NONNULL = YES;
				CLANG_ANALYZER_NUMBER_OBJECT_CONVERSION = YES_AGGRESSIVE;
				CLANG_CXX_LANGUAGE_STANDARD = "gnu++17";
				CLANG_ENABLE_MODULES = YES;
				CLANG_ENABLE_OBJC_ARC = YES;
				CLANG_ENABLE_OBJC_WEAK = YES;
				CLANG_WARN_BLOCK_CAPTURE_AUTORELEASING = YES;
				CLANG_WARN_BOOL_CONVERSION = YES;
				CLANG_WARN_COMMA = YES;
				CLANG_WARN_CONSTANT_CONVERSION = YES;
				CLANG_WARN_DEPRECATED_OBJC_IMPLEMENTATIONS = YES;
				CLANG_WARN_DIRECT_OBJC_ISA_USAGE = YES_ERROR;
				CLANG_WARN_DOCUMENTATION_COMMENTS = YES;
				CLANG_WARN_EMPTY_BODY = YES;
				CLANG_WARN_ENUM_CONVERSION = YES;
				CLANG_WARN_INFINITE_RECURSION = YES;
				CLANG_WARN_INT_CONVERSION = YES;
				CLANG_WARN_NON_LITERAL_NULL_CONVERSION = YES;
				CLANG_WARN_OBJC_IMPLICIT_RETAIN_SELF = YES;
				CLANG_WARN_OBJC_LITERAL_CONVERSION = YES;
				CLANG_WARN_OBJC_ROOT_CLASS = YES_ERROR;
				CLANG_WARN_QUOTED_INCLUDE_IN_FRAMEWORK_HEADER = YES;
				CLANG_WARN_RANGE_LOOP_ANALYSIS = YES;
				CLANG_WARN_STRICT_PROTOTYPES = YES;
				CLANG_WARN_SUSPICIOUS_MOVE = YES;
				CLANG_WARN_UNGUARDED_AVAILABILITY = YES_AGGRESSIVE;
				CLANG_WARN_UNREACHABLE_CODE = YES;
				CLANG_WARN__DUPLICATE_METHOD_MATCH = YES;
				COPY_PHASE_STRIP = NO;
				DEBUG_INFORMATION_FORMAT = "dwarf-with-dsym";
				ENABLE_NS_ASSERTIONS = NO;
				ENABLE_STRICT_OBJC_MSGSEND = YES;
				"EXCLUDED_ARCHS[sdk=*]" = arm64;
				GCC_C_LANGUAGE_STANDARD = gnu11;
				GCC_NO_COMMON_BLOCKS = YES;
				GCC_WARN_64_TO_32_BIT_CONVERSION = YES;
				GCC_WARN_ABOUT_RETURN_TYPE = YES_ERROR;
				GCC_WARN_UNDECLARED_SELECTOR = YES;
				GCC_WARN_UNINITIALIZED_AUTOS = YES_AGGRESSIVE;
				GCC_WARN_UNUSED_FUNCTION = YES;
				GCC_WARN_UNUSED_VARIABLE = YES;
				IPHONEOS_DEPLOYMENT_TARGET = 15.4;
				MTL_ENABLE_DEBUG_INFO = NO;
				MTL_FAST_MATH = YES;
				SDKROOT = iphoneos;
				SWIFT_COMPILATION_MODE = wholemodule;
				SWIFT_OPTIMIZATION_LEVEL = "-O";
				VALIDATE_PRODUCT = YES;
			};
			name = Release;
		};
		ED8485282880FC5A004F14C3 /* Debug */ = {
			isa = XCBuildConfiguration;
			baseConfigurationReference = 7C527E1342061884B262E3BD /* Pods-TicketSwapChallenge.debug.xcconfig */;
			buildSettings = {
				ASSETCATALOG_COMPILER_APPICON_NAME = AppIcon;
				ASSETCATALOG_COMPILER_GLOBAL_ACCENT_COLOR_NAME = AccentColor;
				CLANG_ENABLE_MODULES = YES;
				CODE_SIGN_STYLE = Automatic;
				CURRENT_PROJECT_VERSION = 1;
				DEVELOPMENT_TEAM = G387Y8424R;
				"EXCLUDED_ARCHS[sdk=*]" = "";
				FRAMEWORK_SEARCH_PATHS = (
					"$(inherited)",
					"$(PROJECT_DIR)/TicketSwapChallengeUITests",
					"$(PROJECT_DIR)",
					"$(PROJECT_DIR)/TicketSwapChallenge",
				);
				GENERATE_INFOPLIST_FILE = YES;
				INFOPLIST_KEY_UIApplicationSupportsIndirectInputEvents = YES;
				INFOPLIST_KEY_UILaunchStoryboardName = LaunchScreen;
				INFOPLIST_KEY_UISupportedInterfaceOrientations_iPad = "UIInterfaceOrientationPortrait UIInterfaceOrientationPortraitUpsideDown UIInterfaceOrientationLandscapeLeft UIInterfaceOrientationLandscapeRight";
				INFOPLIST_KEY_UISupportedInterfaceOrientations_iPhone = "UIInterfaceOrientationPortrait UIInterfaceOrientationLandscapeLeft UIInterfaceOrientationLandscapeRight";
				LD_RUNPATH_SEARCH_PATHS = (
					"$(inherited)",
					"@executable_path/Frameworks",
				);
				MARKETING_VERSION = 1.0;
				OTHER_LDFLAGS = "-ObjC";
				PRODUCT_BUNDLE_IDENTIFIER = com.plotpoint.TicketSwapChallenge;
				PRODUCT_NAME = "$(TARGET_NAME)";
				SWIFT_EMIT_LOC_STRINGS = YES;
				SWIFT_OBJC_BRIDGING_HEADER = "TicketSwapChallenge/TicketSwapChallenge-Bridging-Header.h";
				SWIFT_OPTIMIZATION_LEVEL = "-Onone";
				SWIFT_VERSION = 5.0;
				TARGETED_DEVICE_FAMILY = "1,2";
				VALIDATE_WORKSPACE = YES;
			};
			name = Debug;
		};
		ED8485292880FC5A004F14C3 /* Release */ = {
			isa = XCBuildConfiguration;
			baseConfigurationReference = 0AC3B0D941F77C200F1DF7F9 /* Pods-TicketSwapChallenge.release.xcconfig */;
			buildSettings = {
				ASSETCATALOG_COMPILER_APPICON_NAME = AppIcon;
				ASSETCATALOG_COMPILER_GLOBAL_ACCENT_COLOR_NAME = AccentColor;
				CLANG_ENABLE_MODULES = YES;
				CODE_SIGN_STYLE = Automatic;
				CURRENT_PROJECT_VERSION = 1;
				DEVELOPMENT_TEAM = G387Y8424R;
				"EXCLUDED_ARCHS[sdk=*]" = "";
				FRAMEWORK_SEARCH_PATHS = (
					"$(inherited)",
					"$(PROJECT_DIR)/TicketSwapChallengeUITests",
					"$(PROJECT_DIR)",
					"$(PROJECT_DIR)/TicketSwapChallenge",
				);
				GENERATE_INFOPLIST_FILE = YES;
				INFOPLIST_KEY_UIApplicationSupportsIndirectInputEvents = YES;
				INFOPLIST_KEY_UILaunchStoryboardName = LaunchScreen;
				INFOPLIST_KEY_UISupportedInterfaceOrientations_iPad = "UIInterfaceOrientationPortrait UIInterfaceOrientationPortraitUpsideDown UIInterfaceOrientationLandscapeLeft UIInterfaceOrientationLandscapeRight";
				INFOPLIST_KEY_UISupportedInterfaceOrientations_iPhone = "UIInterfaceOrientationPortrait UIInterfaceOrientationLandscapeLeft UIInterfaceOrientationLandscapeRight";
				LD_RUNPATH_SEARCH_PATHS = (
					"$(inherited)",
					"@executable_path/Frameworks",
				);
				MARKETING_VERSION = 1.0;
				OTHER_LDFLAGS = "-ObjC";
				PRODUCT_BUNDLE_IDENTIFIER = com.plotpoint.TicketSwapChallenge;
				PRODUCT_NAME = "$(TARGET_NAME)";
				SWIFT_EMIT_LOC_STRINGS = YES;
				SWIFT_OBJC_BRIDGING_HEADER = "TicketSwapChallenge/TicketSwapChallenge-Bridging-Header.h";
				SWIFT_VERSION = 5.0;
				TARGETED_DEVICE_FAMILY = "1,2";
				VALIDATE_WORKSPACE = YES;
			};
			name = Release;
		};
		ED84852B2880FC5A004F14C3 /* Debug */ = {
			isa = XCBuildConfiguration;
			baseConfigurationReference = AE16B9F0068DC8EBCD0A1483 /* Pods-TicketSwapChallengeTests.debug.xcconfig */;
			buildSettings = {
				ALWAYS_EMBED_SWIFT_STANDARD_LIBRARIES = YES;
				BUNDLE_LOADER = "$(TEST_HOST)";
				CODE_SIGN_STYLE = Automatic;
				CURRENT_PROJECT_VERSION = 1;
				DEVELOPMENT_TEAM = G387Y8424R;
				GENERATE_INFOPLIST_FILE = YES;
				IPHONEOS_DEPLOYMENT_TARGET = 15.4;
				MARKETING_VERSION = 1.0;
				PRODUCT_BUNDLE_IDENTIFIER = com.plotpoint.TicketSwapChallengeTests;
				PRODUCT_NAME = "$(TARGET_NAME)";
				SWIFT_EMIT_LOC_STRINGS = NO;
				SWIFT_VERSION = 5.0;
				TARGETED_DEVICE_FAMILY = "1,2";
				TEST_HOST = "$(BUILT_PRODUCTS_DIR)/TicketSwapChallenge.app/TicketSwapChallenge";
			};
			name = Debug;
		};
		ED84852C2880FC5A004F14C3 /* Release */ = {
			isa = XCBuildConfiguration;
			baseConfigurationReference = EF563F1CB6650BB591C7CADF /* Pods-TicketSwapChallengeTests.release.xcconfig */;
			buildSettings = {
				ALWAYS_EMBED_SWIFT_STANDARD_LIBRARIES = YES;
				BUNDLE_LOADER = "$(TEST_HOST)";
				CODE_SIGN_STYLE = Automatic;
				CURRENT_PROJECT_VERSION = 1;
				DEVELOPMENT_TEAM = G387Y8424R;
				GENERATE_INFOPLIST_FILE = YES;
				IPHONEOS_DEPLOYMENT_TARGET = 15.4;
				MARKETING_VERSION = 1.0;
				PRODUCT_BUNDLE_IDENTIFIER = com.plotpoint.TicketSwapChallengeTests;
				PRODUCT_NAME = "$(TARGET_NAME)";
				SWIFT_EMIT_LOC_STRINGS = NO;
				SWIFT_VERSION = 5.0;
				TARGETED_DEVICE_FAMILY = "1,2";
				TEST_HOST = "$(BUILT_PRODUCTS_DIR)/TicketSwapChallenge.app/TicketSwapChallenge";
			};
			name = Release;
		};
		ED84852E2880FC5A004F14C3 /* Debug */ = {
			isa = XCBuildConfiguration;
			baseConfigurationReference = F78BFB7F29D13B2DE152F56D /* Pods-TicketSwapChallenge-TicketSwapChallengeUITests.debug.xcconfig */;
			buildSettings = {
				ALWAYS_EMBED_SWIFT_STANDARD_LIBRARIES = YES;
				CODE_SIGN_STYLE = Automatic;
				CURRENT_PROJECT_VERSION = 1;
				DEVELOPMENT_TEAM = G387Y8424R;
				GENERATE_INFOPLIST_FILE = YES;
				MARKETING_VERSION = 1.0;
				PRODUCT_BUNDLE_IDENTIFIER = com.plotpoint.TicketSwapChallengeUITests;
				PRODUCT_NAME = "$(TARGET_NAME)";
				SWIFT_EMIT_LOC_STRINGS = NO;
				SWIFT_VERSION = 5.0;
				TARGETED_DEVICE_FAMILY = "1,2";
				TEST_TARGET_NAME = TicketSwapChallenge;
			};
			name = Debug;
		};
		ED84852F2880FC5A004F14C3 /* Release */ = {
			isa = XCBuildConfiguration;
			baseConfigurationReference = E745BBA690EA3FA5504FFFD9 /* Pods-TicketSwapChallenge-TicketSwapChallengeUITests.release.xcconfig */;
			buildSettings = {
				ALWAYS_EMBED_SWIFT_STANDARD_LIBRARIES = YES;
				CODE_SIGN_STYLE = Automatic;
				CURRENT_PROJECT_VERSION = 1;
				DEVELOPMENT_TEAM = G387Y8424R;
				GENERATE_INFOPLIST_FILE = YES;
				MARKETING_VERSION = 1.0;
				PRODUCT_BUNDLE_IDENTIFIER = com.plotpoint.TicketSwapChallengeUITests;
				PRODUCT_NAME = "$(TARGET_NAME)";
				SWIFT_EMIT_LOC_STRINGS = NO;
				SWIFT_VERSION = 5.0;
				TARGETED_DEVICE_FAMILY = "1,2";
				TEST_TARGET_NAME = TicketSwapChallenge;
			};
			name = Release;
		};
/* End XCBuildConfiguration section */

/* Begin XCConfigurationList section */
		ED8484F82880FC58004F14C3 /* Build configuration list for PBXProject "TicketSwapChallenge" */ = {
			isa = XCConfigurationList;
			buildConfigurations = (
				ED8485252880FC5A004F14C3 /* Debug */,
				ED8485262880FC5A004F14C3 /* Release */,
			);
			defaultConfigurationIsVisible = 0;
			defaultConfigurationName = Release;
		};
		ED8485272880FC5A004F14C3 /* Build configuration list for PBXNativeTarget "TicketSwapChallenge" */ = {
			isa = XCConfigurationList;
			buildConfigurations = (
				ED8485282880FC5A004F14C3 /* Debug */,
				ED8485292880FC5A004F14C3 /* Release */,
			);
			defaultConfigurationIsVisible = 0;
			defaultConfigurationName = Release;
		};
		ED84852A2880FC5A004F14C3 /* Build configuration list for PBXNativeTarget "TicketSwapChallengeTests" */ = {
			isa = XCConfigurationList;
			buildConfigurations = (
				ED84852B2880FC5A004F14C3 /* Debug */,
				ED84852C2880FC5A004F14C3 /* Release */,
			);
			defaultConfigurationIsVisible = 0;
			defaultConfigurationName = Release;
		};
		ED84852D2880FC5A004F14C3 /* Build configuration list for PBXNativeTarget "TicketSwapChallengeUITests" */ = {
			isa = XCConfigurationList;
			buildConfigurations = (
				ED84852E2880FC5A004F14C3 /* Debug */,
				ED84852F2880FC5A004F14C3 /* Release */,
			);
			defaultConfigurationIsVisible = 0;
			defaultConfigurationName = Release;
		};
/* End XCConfigurationList section */

/* Begin XCRemoteSwiftPackageReference section */
		EDEF77852898A76D00E71512 /* XCRemoteSwiftPackageReference "SDWebImage" */ = {
			isa = XCRemoteSwiftPackageReference;
			repositoryURL = "https://github.com/SDWebImage/SDWebImage.git";
			requirement = {
				branch = master;
				kind = branch;
			};
		};
/* End XCRemoteSwiftPackageReference section */

/* Begin XCSwiftPackageProductDependency section */
		EDEF77862898A76D00E71512 /* SDWebImage */ = {
			isa = XCSwiftPackageProductDependency;
			package = EDEF77852898A76D00E71512 /* XCRemoteSwiftPackageReference "SDWebImage" */;
			productName = SDWebImage;
		};
		EDEF77882898A76D00E71512 /* SDWebImageMapKit */ = {
			isa = XCSwiftPackageProductDependency;
			package = EDEF77852898A76D00E71512 /* XCRemoteSwiftPackageReference "SDWebImage" */;
			productName = SDWebImageMapKit;
		};
/* End XCSwiftPackageProductDependency section */
	};
	rootObject = ED8484F52880FC58004F14C3 /* Project object */;
}
